
Microsoft Visual Studio Solution File, Format Version 12.00
# Visual Studio 2012
Project("{8BC9CEB8-8B4A-11D0-8D11-00A0C91BC942}") = "mtd_14_reg_pol", "mtd_14_reg_pol\mtd_14_reg_pol.vcxproj", "{E0E104CB-01A8-4D8E-AD18-AF108BCB2C8B}"
EndProject
Global
	GlobalSection(SolutionConfigurationPlatforms) = preSolution
		Debug|Win32 = Debug|Win32
		Release|Win32 = Release|Win32
	EndGlobalSection
	GlobalSection(ProjectConfigurationPlatforms) = postSolution
		{E0E104CB-01A8-4D8E-AD18-AF108BCB2C8B}.Debug|Win32.ActiveCfg = Debug|Win32
		{E0E104CB-01A8-4D8E-AD18-AF108BCB2C8B}.Debug|Win32.Build.0 = Debug|Win32
		{E0E104CB-01A8-4D8E-AD18-AF108BCB2C8B}.Release|Win32.ActiveCfg = Release|Win32
		{E0E104CB-01A8-4D8E-AD18-AF108BCB2C8B}.Release|Win32.Build.0 = Release|Win32
	EndGlobalSection
	GlobalSection(SolutionProperties) = preSolution
		HideSolutionNode = FALSE
	EndGlobalSection
EndGlobal
